{
  "name": "backend-interview",
  "version": "1.0.0",
  "lockfileVersion": 1,
  "requires": true,
  "dependencies": {
    "geo-distance": {
      "version": "0.2.0",
      "resolved": "https://registry.npmjs.org/geo-distance/-/geo-distance-0.2.0.tgz",
      "integrity": "sha512-FAWcCG6vhrfHIXMBipeNj1p6U4NucdlOMoTYrgRtFdudZEQjjrCDTYaw2Nh5go9MhjhY/RcZ+GVlAOa/dLDiVQ=="
    },
    "underscore": {
      "version": "1.10.2",
      "resolved": "https://registry.npmjs.org/underscore/-/underscore-1.10.2.tgz",
      "integrity": "sha512-N4P+Q/BuyuEKFJ43B9gYuOj4TQUHXX+j2FqguVOpjkssLUUrnJofCcBccJSCoeturDoZU6GorDTHSvUDlSQbTg=="
    }
  }
}
