{
  "name": "LumaWaitlist",
  "requires": true,
  "lockfileVersion": 1,
  "dependencies": {
    "gaussian": {
      "version": "1.1.0",
      "resolved": "https://registry.npmjs.org/gaussian/-/gaussian-1.1.0.tgz",
      "integrity": "sha1-bRN6CX1Nv8ILUvsctdYcRwDt13E="
    },
    "simple-statistics": {
      "version": "5.2.1",
      "resolved": "https://registry.npmjs.org/simple-statistics/-/simple-statistics-5.2.1.tgz",
      "integrity": "sha512-3GoUxxnGznTByzfHWroolVvRQ9/OXISUKjJYcBioLRDnGX7oJSkepxmvUyBIBDZaU1WoWMEIa9WxCo/tz96bEQ=="
    }
  }
}
